Microsoft Visual Studio Solution File, Format Version 11.00
# Visual Studio 2008

Project("{D0FDAFEA-E956-69B8-89B9-1C7BC406EF34}") = "Game Jam 2016", "Assembly-CSharp.csproj", "{21AF1C6E-7660-B913-3BC5-5AE79D9025A9}"
EndProject
Global
	GlobalSection(SolutionConfigurationPlatforms) = preSolution
		Debug|Any CPU = Debug|Any CPU
		Release|Any CPU = Release|Any CPU
	EndGlobalSection
	GlobalSection(ProjectConfigurationPlatforms) = postSolution
		{21AF1C6E-7660-B913-3BC5-5AE79D9025A9}.Debug|Any CPU.ActiveCfg = Debug|Any CPU
		{21AF1C6E-7660-B913-3BC5-5AE79D9025A9}.Debug|Any CPU.Build.0 = Debug|Any CPU
		{21AF1C6E-7660-B913-3BC5-5AE79D9025A9}.Release|Any CPU.ActiveCfg = Release|Any CPU
		{21AF1C6E-7660-B913-3BC5-5AE79D9025A9}.Release|Any CPU.Build.0 = Release|Any CPU
	EndGlobalSection
	GlobalSection(SolutionProperties) = preSolution
		HideSolutionNode = FALSE
	EndGlobalSection
	GlobalSection(MonoDevelopProperties) = preSolution
		StartupItem = Assembly-CSharp.csproj
	EndGlobalSection
EndGlobal
